
Microsoft Visual Studio Solution File, Format Version 12.00
# Visual Studio Version 17
VisualStudioVersion = 17.0.31903.59
MinimumVisualStudioVersion = 10.0.40219.1
Project("{9A19103F-16F7-4668-BE54-9A1E7A4F7556}") = "Day1.Trebuchet", "Day1.Trebuchet\Day1.Trebuchet.csproj", "{D5B849DD-3F05-4EE6-BA24-E06F95A0BBF8}"
EndProject
Project("{9A19103F-16F7-4668-BE54-9A1E7A4F7556}") = "X.Benchmarks", "X.Benchmarks\X.Benchmarks.csproj", "{4D35BC30-635C-4312-8056-CDAD65DEFF79}"
EndProject
Project("{9A19103F-16F7-4668-BE54-9A1E7A4F7556}") = "Day2.Cube Conundrum", "Day2.Cube Conundrum\Day2.Cube Conundrum.csproj", "{2A69DB16-1C31-486F-AFC3-6BA26384BF63}"
EndProject
Project("{9A19103F-16F7-4668-BE54-9A1E7A4F7556}") = "Day3.Gear Ratios", "Day3.Gear Ratios\Day3.Gear Ratios.csproj", "{D4404FA0-4A1A-4D32-B18C-3E19E626A221}"
EndProject
Project("{9A19103F-16F7-4668-BE54-9A1E7A4F7556}") = "Day4.Scratchcards", "Day4.Scratchcards\Day4.Scratchcards.csproj", "{6B18ED26-8A2C-4852-851B-224815299EF8}"
EndProject
Project("{9A19103F-16F7-4668-BE54-9A1E7A4F7556}") = "Day5.If You Give A Seed A Fertilizer", "Day5.If You Give A Seed A Fertilizer\Day5.If You Give A Seed A Fertilizer.csproj", "{64F24DCB-3436-4A6C-95BE-32EFF24E70F7}"
EndProject
Project("{9A19103F-16F7-4668-BE54-9A1E7A4F7556}") = "Day6.Wait For It", "Day6.Wait For It\Day6.Wait For It.csproj", "{A9A7A9FB-FED5-4662-A08E-4A163AB002BF}"
EndProject
Project("{FAE04EC0-301F-11D3-BF4B-00C04F79EFBC}") = "Day7.Camel Cards", "Day7.Camel Cards\Day7.Camel Cards.csproj", "{95BA8A0F-FAD9-4974-998D-8FF57BA952A5}"
EndProject
Global
	GlobalSection(SolutionConfigurationPlatforms) = preSolution
		Debug|Any CPU = Debug|Any CPU
		Release|Any CPU = Release|Any CPU
	EndGlobalSection
	GlobalSection(ProjectConfigurationPlatforms) = postSolution
		{D5B849DD-3F05-4EE6-BA24-E06F95A0BBF8}.Debug|Any CPU.ActiveCfg = Debug|Any CPU
		{D5B849DD-3F05-4EE6-BA24-E06F95A0BBF8}.Debug|Any CPU.Build.0 = Debug|Any CPU
		{D5B849DD-3F05-4EE6-BA24-E06F95A0BBF8}.Release|Any CPU.ActiveCfg = Release|Any CPU
		{D5B849DD-3F05-4EE6-BA24-E06F95A0BBF8}.Release|Any CPU.Build.0 = Release|Any CPU
		{4D35BC30-635C-4312-8056-CDAD65DEFF79}.Debug|Any CPU.ActiveCfg = Debug|Any CPU
		{4D35BC30-635C-4312-8056-CDAD65DEFF79}.Debug|Any CPU.Build.0 = Debug|Any CPU
		{4D35BC30-635C-4312-8056-CDAD65DEFF79}.Release|Any CPU.ActiveCfg = Release|Any CPU
		{4D35BC30-635C-4312-8056-CDAD65DEFF79}.Release|Any CPU.Build.0 = Release|Any CPU
		{2A69DB16-1C31-486F-AFC3-6BA26384BF63}.Debug|Any CPU.ActiveCfg = Debug|Any CPU
		{2A69DB16-1C31-486F-AFC3-6BA26384BF63}.Debug|Any CPU.Build.0 = Debug|Any CPU
		{2A69DB16-1C31-486F-AFC3-6BA26384BF63}.Release|Any CPU.ActiveCfg = Release|Any CPU
		{2A69DB16-1C31-486F-AFC3-6BA26384BF63}.Release|Any CPU.Build.0 = Release|Any CPU
		{D4404FA0-4A1A-4D32-B18C-3E19E626A221}.Debug|Any CPU.ActiveCfg = Debug|Any CPU
		{D4404FA0-4A1A-4D32-B18C-3E19E626A221}.Debug|Any CPU.Build.0 = Debug|Any CPU
		{D4404FA0-4A1A-4D32-B18C-3E19E626A221}.Release|Any CPU.ActiveCfg = Release|Any CPU
		{D4404FA0-4A1A-4D32-B18C-3E19E626A221}.Release|Any CPU.Build.0 = Release|Any CPU
		{6B18ED26-8A2C-4852-851B-224815299EF8}.Debug|Any CPU.ActiveCfg = Debug|Any CPU
		{6B18ED26-8A2C-4852-851B-224815299EF8}.Debug|Any CPU.Build.0 = Debug|Any CPU
		{6B18ED26-8A2C-4852-851B-224815299EF8}.Release|Any CPU.ActiveCfg = Release|Any CPU
		{6B18ED26-8A2C-4852-851B-224815299EF8}.Release|Any CPU.Build.0 = Release|Any CPU
		{64F24DCB-3436-4A6C-95BE-32EFF24E70F7}.Debug|Any CPU.ActiveCfg = Debug|Any CPU
		{64F24DCB-3436-4A6C-95BE-32EFF24E70F7}.Debug|Any CPU.Build.0 = Debug|Any CPU
		{64F24DCB-3436-4A6C-95BE-32EFF24E70F7}.Release|Any CPU.ActiveCfg = Release|Any CPU
		{64F24DCB-3436-4A6C-95BE-32EFF24E70F7}.Release|Any CPU.Build.0 = Release|Any CPU
		{A9A7A9FB-FED5-4662-A08E-4A163AB002BF}.Debug|Any CPU.ActiveCfg = Debug|Any CPU
		{A9A7A9FB-FED5-4662-A08E-4A163AB002BF}.Debug|Any CPU.Build.0 = Debug|Any CPU
		{A9A7A9FB-FED5-4662-A08E-4A163AB002BF}.Release|Any CPU.ActiveCfg = Release|Any CPU
		{A9A7A9FB-FED5-4662-A08E-4A163AB002BF}.Release|Any CPU.Build.0 = Release|Any CPU
		{95BA8A0F-FAD9-4974-998D-8FF57BA952A5}.Debug|Any CPU.ActiveCfg = Debug|Any CPU
		{95BA8A0F-FAD9-4974-998D-8FF57BA952A5}.Debug|Any CPU.Build.0 = Debug|Any CPU
		{95BA8A0F-FAD9-4974-998D-8FF57BA952A5}.Release|Any CPU.ActiveCfg = Release|Any CPU
		{95BA8A0F-FAD9-4974-998D-8FF57BA952A5}.Release|Any CPU.Build.0 = Release|Any CPU
	EndGlobalSection
	GlobalSection(SolutionProperties) = preSolution
		HideSolutionNode = FALSE
	EndGlobalSection
	GlobalSection(ExtensibilityGlobals) = postSolution
		SolutionGuid = {4B02F3D5-FC3E-4BE1-878D-F7CAB27CFEEB}
	EndGlobalSection
EndGlobal
